
Microsoft Visual Studio Solution File, Format Version 12.00
# Visual Studio Version 17
VisualStudioVersion = 17.14.36109.1
MinimumVisualStudioVersion = 10.0.40219.1
Project("{FAE04EC0-301F-11D3-BF4B-00C04F79EFBC}") = "MatrixType", "MatrixType\MatrixType.csproj", "{500142AD-8679-48D5-9413-1E08343E8F73}"
EndProject
Project("{FAE04EC0-301F-11D3-BF4B-00C04F79EFBC}") = "MatrixTypeTests", "MatrixTypeTests\MatrixTypeTests.csproj", "{B70E3D7D-6A19-4A00-BA72-B552494A08F1}"
EndProject
Project("{FAE04EC0-301F-11D3-BF4B-00C04F79EFBC}") = "MatrixExceptionsLibrary", "MatrixExceptions\MatrixExceptionsLibrary.csproj", "{66248B6A-5B7F-492F-9E23-07E35366AEF9}"
EndProject
Project("{FAE04EC0-301F-11D3-BF4B-00C04F79EFBC}") = "MainWindow", "MainWindow\MainWindow.csproj", "{DC8DBA90-EB0D-4C13-AE4A-762CAA60C2B2}"
EndProject
Global
	GlobalSection(SolutionConfigurationPlatforms) = preSolution
		Debug|Any CPU = Debug|Any CPU
		Release|Any CPU = Release|Any CPU
	EndGlobalSection
	GlobalSection(ProjectConfigurationPlatforms) = postSolution
		{500142AD-8679-48D5-9413-1E08343E8F73}.Debug|Any CPU.ActiveCfg = Debug|Any CPU
		{500142AD-8679-48D5-9413-1E08343E8F73}.Debug|Any CPU.Build.0 = Debug|Any CPU
		{500142AD-8679-48D5-9413-1E08343E8F73}.Release|Any CPU.ActiveCfg = Release|Any CPU
		{500142AD-8679-48D5-9413-1E08343E8F73}.Release|Any CPU.Build.0 = Release|Any CPU
		{B70E3D7D-6A19-4A00-BA72-B552494A08F1}.Debug|Any CPU.ActiveCfg = Debug|Any CPU
		{B70E3D7D-6A19-4A00-BA72-B552494A08F1}.Debug|Any CPU.Build.0 = Debug|Any CPU
		{B70E3D7D-6A19-4A00-BA72-B552494A08F1}.Release|Any CPU.ActiveCfg = Release|Any CPU
		{B70E3D7D-6A19-4A00-BA72-B552494A08F1}.Release|Any CPU.Build.0 = Release|Any CPU
		{66248B6A-5B7F-492F-9E23-07E35366AEF9}.Debug|Any CPU.ActiveCfg = Debug|Any CPU
		{66248B6A-5B7F-492F-9E23-07E35366AEF9}.Debug|Any CPU.Build.0 = Debug|Any CPU
		{66248B6A-5B7F-492F-9E23-07E35366AEF9}.Release|Any CPU.ActiveCfg = Release|Any CPU
		{66248B6A-5B7F-492F-9E23-07E35366AEF9}.Release|Any CPU.Build.0 = Release|Any CPU
		{DC8DBA90-EB0D-4C13-AE4A-762CAA60C2B2}.Debug|Any CPU.ActiveCfg = Debug|Any CPU
		{DC8DBA90-EB0D-4C13-AE4A-762CAA60C2B2}.Debug|Any CPU.Build.0 = Debug|Any CPU
		{DC8DBA90-EB0D-4C13-AE4A-762CAA60C2B2}.Release|Any CPU.ActiveCfg = Release|Any CPU
		{DC8DBA90-EB0D-4C13-AE4A-762CAA60C2B2}.Release|Any CPU.Build.0 = Release|Any CPU
	EndGlobalSection
	GlobalSection(SolutionProperties) = preSolution
		HideSolutionNode = FALSE
	EndGlobalSection
	GlobalSection(ExtensibilityGlobals) = postSolution
		SolutionGuid = {6EC58BFE-DEAA-4619-B233-BFC6B02B15BF}
	EndGlobalSection
EndGlobal
