
Microsoft Visual Studio Solution File, Format Version 12.00
# Visual Studio Version 17
VisualStudioVersion = 17.14.36109.1 d17.14
MinimumVisualStudioVersion = 10.0.40219.1
Project("{FAE04EC0-301F-11D3-BF4B-00C04F79EFBC}") = "TxtReaderFigures", "TxtReaderFigures.csproj", "{F4AAAC99-7826-4677-855F-C4F526B92235}"
EndProject
Project("{FAE04EC0-301F-11D3-BF4B-00C04F79EFBC}") = "FiguresLibrary", "..\FiguresLibrary\FiguresLibrary.csproj", "{5E6B5EB0-EE88-4F5C-B4A9-2D6696AB9A11}"
EndProject
Project("{FAE04EC0-301F-11D3-BF4B-00C04F79EFBC}") = "FiguresLibraryTests", "..\FiguresLibraryTests\FiguresLibraryTests.csproj", "{3B436F15-D7BD-4863-9B93-57E8AF6F67C2}"
EndProject
Global
	GlobalSection(SolutionConfigurationPlatforms) = preSolution
		Debug|Any CPU = Debug|Any CPU
		Release|Any CPU = Release|Any CPU
	EndGlobalSection
	GlobalSection(ProjectConfigurationPlatforms) = postSolution
		{F4AAAC99-7826-4677-855F-C4F526B92235}.Debug|Any CPU.ActiveCfg = Debug|Any CPU
		{F4AAAC99-7826-4677-855F-C4F526B92235}.Debug|Any CPU.Build.0 = Debug|Any CPU
		{F4AAAC99-7826-4677-855F-C4F526B92235}.Release|Any CPU.ActiveCfg = Release|Any CPU
		{F4AAAC99-7826-4677-855F-C4F526B92235}.Release|Any CPU.Build.0 = Release|Any CPU
		{5E6B5EB0-EE88-4F5C-B4A9-2D6696AB9A11}.Debug|Any CPU.ActiveCfg = Debug|Any CPU
		{5E6B5EB0-EE88-4F5C-B4A9-2D6696AB9A11}.Debug|Any CPU.Build.0 = Debug|Any CPU
		{5E6B5EB0-EE88-4F5C-B4A9-2D6696AB9A11}.Release|Any CPU.ActiveCfg = Release|Any CPU
		{5E6B5EB0-EE88-4F5C-B4A9-2D6696AB9A11}.Release|Any CPU.Build.0 = Release|Any CPU
		{3B436F15-D7BD-4863-9B93-57E8AF6F67C2}.Debug|Any CPU.ActiveCfg = Debug|Any CPU
		{3B436F15-D7BD-4863-9B93-57E8AF6F67C2}.Debug|Any CPU.Build.0 = Debug|Any CPU
		{3B436F15-D7BD-4863-9B93-57E8AF6F67C2}.Release|Any CPU.ActiveCfg = Release|Any CPU
		{3B436F15-D7BD-4863-9B93-57E8AF6F67C2}.Release|Any CPU.Build.0 = Release|Any CPU
	EndGlobalSection
	GlobalSection(SolutionProperties) = preSolution
		HideSolutionNode = FALSE
	EndGlobalSection
	GlobalSection(ExtensibilityGlobals) = postSolution
		SolutionGuid = {4A504257-E0DA-4641-A90C-098DF0C8A478}
	EndGlobalSection
EndGlobal
