
Microsoft Visual Studio Solution File, Format Version 12.00
# Visual Studio Version 17
VisualStudioVersion = 17.14.36109.1
MinimumVisualStudioVersion = 10.0.40219.1
Project("{FAE04EC0-301F-11D3-BF4B-00C04F79EFBC}") = "MatrixApplication", "MatrixApplication\MatrixApplication.csproj", "{E7D9365F-3CF9-4C41-A3B4-C2F57BEEC687}"
EndProject
Project("{FAE04EC0-301F-11D3-BF4B-00C04F79EFBC}") = "MatrixLibrary", "MatrixLibrary\MatrixLibrary.csproj", "{25A8028C-E3FD-4EC3-86B1-37B0620D794D}"
EndProject
Project("{FAE04EC0-301F-11D3-BF4B-00C04F79EFBC}") = "MatrixTests", "MatrixTests\MatrixTests.csproj", "{B4188181-E600-4EE6-9CB4-7CF37B83287B}"
EndProject
Global
	GlobalSection(SolutionConfigurationPlatforms) = preSolution
		Debug|Any CPU = Debug|Any CPU
		Release|Any CPU = Release|Any CPU
	EndGlobalSection
	GlobalSection(ProjectConfigurationPlatforms) = postSolution
		{E7D9365F-3CF9-4C41-A3B4-C2F57BEEC687}.Debug|Any CPU.ActiveCfg = Debug|Any CPU
		{E7D9365F-3CF9-4C41-A3B4-C2F57BEEC687}.Debug|Any CPU.Build.0 = Debug|Any CPU
		{E7D9365F-3CF9-4C41-A3B4-C2F57BEEC687}.Release|Any CPU.ActiveCfg = Release|Any CPU
		{E7D9365F-3CF9-4C41-A3B4-C2F57BEEC687}.Release|Any CPU.Build.0 = Release|Any CPU
		{25A8028C-E3FD-4EC3-86B1-37B0620D794D}.Debug|Any CPU.ActiveCfg = Debug|Any CPU
		{25A8028C-E3FD-4EC3-86B1-37B0620D794D}.Debug|Any CPU.Build.0 = Debug|Any CPU
		{25A8028C-E3FD-4EC3-86B1-37B0620D794D}.Release|Any CPU.ActiveCfg = Release|Any CPU
		{25A8028C-E3FD-4EC3-86B1-37B0620D794D}.Release|Any CPU.Build.0 = Release|Any CPU
		{B4188181-E600-4EE6-9CB4-7CF37B83287B}.Debug|Any CPU.ActiveCfg = Debug|Any CPU
		{B4188181-E600-4EE6-9CB4-7CF37B83287B}.Debug|Any CPU.Build.0 = Debug|Any CPU
		{B4188181-E600-4EE6-9CB4-7CF37B83287B}.Release|Any CPU.ActiveCfg = Release|Any CPU
		{B4188181-E600-4EE6-9CB4-7CF37B83287B}.Release|Any CPU.Build.0 = Release|Any CPU
	EndGlobalSection
	GlobalSection(SolutionProperties) = preSolution
		HideSolutionNode = FALSE
	EndGlobalSection
	GlobalSection(ExtensibilityGlobals) = postSolution
		SolutionGuid = {430CF58F-433A-4380-A9CF-2190418430D4}
	EndGlobalSection
EndGlobal
